// !$*UTF8*$!
{
	archiveVersion = 1;
	classes = {
	};
	objectVersion = 77;
	objects = {

/* Begin PBXBuildFile section */
		6C2560ED2FAF361500364E80 /* Supabase in Frameworks */ = {isa = PBXBuildFile; productRef = 6C2560EC2FAF361500364E80 /* Supabase */; };
/* End PBXBuildFile section */

/* Begin PBXContainerItemProxy section */
		6C2560CE2FAF2F3D00364E80 /* PBXContainerItemProxy */ = {
			isa = PBXContainerItemProxy;
			containerPortal = 6C2560B82FAF2F3B00364E80 /* Project object */;
			proxyType = 1;
			remoteGlobalIDString = 6C2560BF2FAF2F3B00364E80;
			remoteInfo = urbanghosthunters;
		};
		6C2560D82FAF2F3D00364E80 /* PBXContainerItemProxy */ = {
			isa = PBXContainerItemProxy;
			containerPortal = 6C2560B82FAF2F3B00364E80 /* Project object */;
			proxyType = 1;
			remoteGlobalIDString = 6C2560BF2FAF2F3B00364E80;
			remoteInfo = urbanghosthunters;
		};
/* End PBXContainerItemProxy section */

/* Begin PBXFileReference section */
		6C2560C02FAF2F3B00364E80 /* urbanghosthunters.app */ = {isa = PBXFileReference; explicitFileType = wrapper.application; includeInIndex = 0; path = urbanghosthunters.app; sourceTree = BUILT_PRODUCTS_DIR; };
		6C2560CD2FAF2F3D00364E80 /* urbanghosthuntersTests.xctest */ = {isa = PBXFileReference; explicitFileType = wrapper.cfbundle; includeInIndex = 0; path = urbanghosthuntersTests.xctest; sourceTree = BUILT_PRODUCTS_DIR; };
		6C2560D72FAF2F3D00364E80 /* urbanghosthuntersUITests.xctest */ = {isa = PBXFileReference; explicitFileType = wrapper.cfbundle; includeInIndex = 0; path = urbanghosthuntersUITests.xctest; sourceTree = BUILT_PRODUCTS_DIR; };
/* End PBXFileReference section */

/* Begin PBXFileSystemSynchronizedBuildFileExceptionSet section */
		6C1EEE3D2FB3510C00848815 /* Exceptions for "urbanghosthunters" folder in "urbanghosthunters" target */ = {
			isa = PBXFileSystemSynchronizedBuildFileExceptionSet;
			membershipExceptions = (
				Info.plist,
			);
			target = 6C2560BF2FAF2F3B00364E80 /* urbanghosthunters */;
		};
/* End PBXFileSystemSynchronizedBuildFileExceptionSet section */

/* Begin PBXFileSystemSynchronizedRootGroup section */
		6C2560C22FAF2F3B00364E80 /* urbanghosthunters */ = {
			isa = PBXFileSystemSynchronizedRootGroup;
			exceptions = (
				6C1EEE3D2FB3510C00848815 /* Exceptions for "urbanghosthunters" folder in "urbanghosthunters" target */,
			);
			path = urbanghosthunters;
			sourceTree = "<group>";
		};
		6C2560D02FAF2F3D00364E80 /* urbanghosthuntersTests */ = {
			isa = PBXFileSystemSynchronizedRootGroup;
			path = urbanghosthuntersTests;
			sourceTree = "<group>";
		};
		6C2560DA2FAF2F3D00364E80 /* urbanghosthuntersUITests */ = {
			isa = PBXFileSystemSynchronizedRootGroup;
			path = urbanghosthuntersUITests;
			sourceTree = "<group>";
		};
/* End PBXFileSystemSynchronizedRootGroup section */

/* Begin PBXFrameworksBuildPhase section */
		6C2560BD2FAF2F3B00364E80 /* Frameworks */ = {
			isa = PBXFrameworksBuildPhase;
			buildActionMask = 2147483647;
			files = (
				6C2560ED2FAF361500364E80 /* Supabase in Frameworks */,
			);
			runOnlyForDeploymentPostprocessing = 0;
		};
		6C2560CA2FAF2F3D00364E80 /* Frameworks */ = {
			isa = PBXFrameworksBuildPhase;
			buildActionMask = 2147483647;
			files = (
			);
			runOnlyForDeploymentPostprocessing = 0;
		};
		6C2560D42FAF2F3D00364E80 /* Frameworks */ = {
			isa = PBXFrameworksBuildPhase;
			buildActionMask = 2147483647;
			files = (
			);
			runOnlyForDeploymentPostprocessing = 0;
		};
/* End PBXFrameworksBuildPhase section */

/* Begin PBXGroup section */
		6C2560B72FAF2F3B00364E80 = {
			isa = PBXGroup;
			children = (
				6C2560C22FAF2F3B00364E80 /* urbanghosthunters */,
				6C2560D02FAF2F3D00364E80 /* urbanghosthuntersTests */,
				6C2560DA2FAF2F3D00364E80 /* urbanghosthuntersUITests */,
				6C2560EB2FAF361500364E80 /* Frameworks */,
				6C2560C12FAF2F3B00364E80 /* Products */,
			);
			sourceTree = "<group>";
		};
		6C2560C12FAF2F3B00364E80 /* Products */ = {
			isa = PBXGroup;
			children = (
				6C2560C02FAF2F3B00364E80 /* urbanghosthunters.app */,
				6C2560CD2FAF2F3D00364E80 /* urbanghosthuntersTests.xctest */,
				6C2560D72FAF2F3D00364E80 /* urbanghosthuntersUITests.xctest */,
			);
			name = Products;
			sourceTree = "<group>";
		};
		6C2560EB2FAF361500364E80 /* Frameworks */ = {
			isa = PBXGroup;
			children = (
			);
			name = Frameworks;
			sourceTree = "<group>";
		};
/* End PBXGroup section */

/* Begin PBXNativeTarget section */
		6C2560BF2FAF2F3B00364E80 /* urbanghosthunters */ = {
			isa = PBXNativeTarget;
			buildConfigurationList = 6C2560E12FAF2F3D00364E80 /* Build configuration list for PBXNativeTarget "urbanghosthunters" */;
			buildPhases = (
				6C2560BC2FAF2F3B00364E80 /* Sources */,
				6C2560BD2FAF2F3B00364E80 /* Frameworks */,
				6C2560BE2FAF2F3B00364E80 /* Resources */,
			);
			buildRules = (
			);
			dependencies = (
			);
			fileSystemSynchronizedGroups = (
				6C2560C22FAF2F3B00364E80 /* urbanghosthunters */,
			);
			name = urbanghosthunters;
			packageProductDependencies = (
				6C2560EC2FAF361500364E80 /* Supabase */,
			);
			productName = urbanghosthunters;
			productReference = 6C2560C02FAF2F3B00364E80 /* urbanghosthunters.app */;
			productType = "com.apple.product-type.application";
		};
		6C2560CC2FAF2F3D00364E80 /* urbanghosthuntersTests */ = {
			isa = PBXNativeTarget;
			buildConfigurationList = 6C2560E42FAF2F3D00364E80 /* Build configuration list for PBXNativeTarget "urbanghosthuntersTests" */;
			buildPhases = (
				6C2560C92FAF2F3D00364E80 /* Sources */,
				6C2560CA2FAF2F3D00364E80 /* Frameworks */,
				6C2560CB2FAF2F3D00364E80 /* Resources */,
			);
			buildRules = (
			);
			dependencies = (
				6C2560CF2FAF2F3D00364E80 /* PBXTargetDependency */,
			);
			fileSystemSynchronizedGroups = (
				6C2560D02FAF2F3D00364E80 /* urbanghosthuntersTests */,
			);
			name = urbanghosthuntersTests;
			packageProductDependencies = (
			);
			productName = urbanghosthuntersTests;
			productReference = 6C2560CD2FAF2F3D00364E80 /* urbanghosthuntersTests.xctest */;
			productType = "com.apple.product-type.bundle.unit-test";
		};
		6C2560D62FAF2F3D00364E80 /* urbanghosthuntersUITests */ = {
			isa = PBXNativeTarget;
			buildConfigurationList = 6C2560E72FAF2F3D00364E80 /* Build configuration list for PBXNativeTarget "urbanghosthuntersUITests" */;
			buildPhases = (
				6C2560D32FAF2F3D00364E80 /* Sources */,
				6C2560D42FAF2F3D00364E80 /* Frameworks */,
				6C2560D52FAF2F3D00364E80 /* Resources */,
			);
			buildRules = (
			);
			dependencies = (
				6C2560D92FAF2F3D00364E80 /* PBXTargetDependency */,
			);
			fileSystemSynchronizedGroups = (
				6C2560DA2FAF2F3D00364E80 /* urbanghosthuntersUITests */,
			);
			name = urbanghosthuntersUITests;
			packageProductDependencies = (
			);
			productName = urbanghosthuntersUITests;
			productReference = 6C2560D72FAF2F3D00364E80 /* urbanghosthuntersUITests.xctest */;
			productType = "com.apple.product-type.bundle.ui-testing";
		};
/* End PBXNativeTarget section */

/* Begin PBXProject section */
		6C2560B82FAF2F3B00364E80 /* Project object */ = {
			isa = PBXProject;
			attributes = {
				BuildIndependentTargetsInParallel = 1;
				LastSwiftUpdateCheck = 2640;
				LastUpgradeCheck = 2640;
				TargetAttributes = {
					6C2560BF2FAF2F3B00364E80 = {
						CreatedOnToolsVersion = 26.4.1;
					};
					6C2560CC2FAF2F3D00364E80 = {
						CreatedOnToolsVersion = 26.4.1;
						TestTargetID = 6C2560BF2FAF2F3B00364E80;
					};
					6C2560D62FAF2F3D00364E80 = {
						CreatedOnToolsVersion = 26.4.1;
						TestTargetID = 6C2560BF2FAF2F3B00364E80;
					};
				};
			};
			buildConfigurationList = 6C2560BB2FAF2F3B00364E80 /* Build configuration list for PBXProject "urbanghosthunters" */;
			developmentRegion = en;
			hasScannedForEncodings = 0;
			knownRegions = (
				en,
				Base,
			);
			mainGroup = 6C2560B72FAF2F3B00364E80;
			minimizedProjectReferenceProxies = 1;
			packageReferences = (
				6C2560EA2FAF306D00364E80 /* XCRemoteSwiftPackageReference "supabase-swift" */,
			);
			preferredProjectObjectVersion = 77;
			productRefGroup = 6C2560C12FAF2F3B00364E80 /* Products */;
			projectDirPath = "";
			projectRoot = "";
			targets = (
				6C2560BF2FAF2F3B00364E80 /* urbanghosthunters */,
				6C2560CC2FAF2F3D00364E80 /* urbanghosthuntersTests */,
				6C2560D62FAF2F3D00364E80 /* urbanghosthuntersUITests */,
			);
		};
/* End PBXProject section */

/* Begin PBXResourcesBuildPhase section */
		6C2560BE2FAF2F3B00364E80 /* Resources */ = {
			isa = PBXResourcesBuildPhase;
			buildActionMask = 2147483647;
			files = (
			);
			runOnlyForDeploymentPostprocessing = 0;
		};
		6C2560CB2FAF2F3D00364E80 /* Resources */ = {
			isa = PBXResourcesBuildPhase;
			buildActionMask = 2147483647;
			files = (
			);
			runOnlyForDeploymentPostprocessing = 0;
		};
		6C2560D52FAF2F3D00364E80 /* Resources */ = {
			isa = PBXResourcesBuildPhase;
			buildActionMask = 2147483647;
			files = (
			);
			runOnlyForDeploymentPostprocessing = 0;
		};
/* End PBXResourcesBuildPhase section */

/* Begin PBXSourcesBuildPhase section */
		6C2560BC2FAF2F3B00364E80 /* Sources */ = {
			isa = PBXSourcesBuildPhase;
			buildActionMask = 2147483647;
			files = (
			);
			runOnlyForDeploymentPostprocessing = 0;
		};
		6C2560C92FAF2F3D00364E80 /* Sources */ = {
			isa = PBXSourcesBuildPhase;
			buildActionMask = 2147483647;
			files = (
			);
			runOnlyForDeploymentPostprocessing = 0;
		};
		6C2560D32FAF2F3D00364E80 /* Sources */ = {
			isa = PBXSourcesBuildPhase;
			buildActionMask = 2147483647;
			files = (
			);
			runOnlyForDeploymentPostprocessing = 0;
		};
/* End PBXSourcesBuildPhase section */

/* Begin PBXTargetDependency section */
		6C2560CF2FAF2F3D00364E80 /* PBXTargetDependency */ = {
			isa = PBXTargetDependency;
			target = 6C2560BF2FAF2F3B00364E80 /* urbanghosthunters */;
			targetProxy = 6C2560CE2FAF2F3D00364E80 /* PBXContainerItemProxy */;
		};
		6C2560D92FAF2F3D00364E80 /* PBXTargetDependency */ = {
			isa = PBXTargetDependency;
			target = 6C2560BF2FAF2F3B00364E80 /* urbanghosthunters */;
			targetProxy = 6C2560D82FAF2F3D00364E80 /* PBXContainerItemProxy */;
		};
/* End PBXTargetDependency section */

/* Begin XCBuildConfiguration section */
		6C2560DF2FAF2F3D00364E80 /* Debug */ = {
			isa = XCBuildConfiguration;
			buildSettings = {
				ALWAYS_SEARCH_USER_PATHS = NO;
				ASSETCATALOG_COMPILER_GENERATE_SWIFT_ASSET_SYMBOL_EXTENSIONS = YES;
				CLANG_ANALYZER_NONNULL = YES;
				CLANG_ANALYZER_NUMBER_OBJECT_CONVERSION = YES_AGGRESSIVE;
				CLANG_CXX_LANGUAGE_STANDARD = "gnu++20";
				CLANG_ENABLE_MODULES = YES;
				CLANG_ENABLE_OBJC_ARC = YES;
				CLANG_ENABLE_OBJC_WEAK = YES;
				CLANG_WARN_BLOCK_CAPTURE_AUTORELEASING = YES;
				CLANG_WARN_BOOL_CONVERSION = YES;
				CLANG_WARN_COMMA = YES;
				CLANG_WARN_CONSTANT_CONVERSION = YES;
				CLANG_WARN_DEPRECATED_OBJC_IMPLEMENTATIONS = YES;
				CLANG_WARN_DIRECT_OBJC_ISA_USAGE = YES_ERROR;
				CLANG_WARN_DOCUMENTATION_COMMENTS = YES;
				CLANG_WARN_EMPTY_BODY = YES;
				CLANG_WARN_ENUM_CONVERSION = YES;
				CLANG_WARN_INFINITE_RECURSION = YES;
				CLANG_WARN_INT_CONVERSION = YES;
				CLANG_WARN_NON_LITERAL_NULL_CONVERSION = YES;
				CLANG_WARN_OBJC_IMPLICIT_RETAIN_SELF = YES;
				CLANG_WARN_OBJC_LITERAL_CONVERSION = YES;
				CLANG_WARN_OBJC_ROOT_CLASS = YES_ERROR;
				CLANG_WARN_QUOTED_INCLUDE_IN_FRAMEWORK_HEADER = YES;
				CLANG_WARN_RANGE_LOOP_ANALYSIS = YES;
				CLANG_WARN_STRICT_PROTOTYPES = YES;
				CLANG_WARN_SUSPICIOUS_MOVE = YES;
				CLANG_WARN_UNGUARDED_AVAILABILITY = YES_AGGRESSIVE;
				CLANG_WARN_UNREACHABLE_CODE = YES;
				CLANG_WARN__DUPLICATE_METHOD_MATCH = YES;
				COPY_PHASE_STRIP = NO;
				DEBUG_INFORMATION_FORMAT = dwarf;
				ENABLE_STRICT_OBJC_MSGSEND = YES;
				ENABLE_TESTABILITY = YES;
				ENABLE_USER_SCRIPT_SANDBOXING = YES;
				GCC_C_LANGUAGE_STANDARD = gnu17;
				GCC_DYNAMIC_NO_PIC = NO;
				GCC_NO_COMMON_BLOCKS = YES;
				GCC_OPTIMIZATION_LEVEL = 0;
				GCC_PREPROCESSOR_DEFINITIONS = (
					"DEBUG=1",
					"$(inherited)",
				);
				GCC_WARN_64_TO_32_BIT_CONVERSION = YES;
				GCC_WARN_ABOUT_RETURN_TYPE = YES_ERROR;
				GCC_WARN_UNDECLARED_SELECTOR = YES;
				GCC_WARN_UNINITIALIZED_AUTOS = YES_AGGRESSIVE;
				GCC_WARN_UNUSED_FUNCTION = YES;
				GCC_WARN_UNUSED_VARIABLE = YES;
				IPHONEOS_DEPLOYMENT_TARGET = 26.4;
				LOCALIZATION_PREFERS_STRING_CATALOGS = YES;
				MTL_ENABLE_DEBUG_INFO = INCLUDE_SOURCE;
				MTL_FAST_MATH = YES;
				ONLY_ACTIVE_ARCH = YES;
				SDKROOT = iphoneos;
				SWIFT_ACTIVE_COMPILATION_CONDITIONS = "DEBUG $(inherited)";
				SWIFT_OPTIMIZATION_LEVEL = "-Onone";
			};
			name = Debug;
		};
		6C2560E02FAF2F3D00364E80 /* Release */ = {
			isa = XCBuildConfiguration;
			buildSettings = {
				ALWAYS_SEARCH_USER_PATHS = NO;
				ASSETCATALOG_COMPILER_GENERATE_SWIFT_ASSET_SYMBOL_EXTENSIONS = YES;
				CLANG_ANALYZER_NONNULL = YES;
				CLANG_ANALYZER_NUMBER_OBJECT_CONVERSION = YES_AGGRESSIVE;
				CLANG_CXX_LANGUAGE_STANDARD = "gnu++20";
				CLANG_ENABLE_MODULES = YES;
				CLANG_ENABLE_OBJC_ARC = YES;
				CLANG_ENABLE_OBJC_WEAK = YES;
				CLANG_WARN_BLOCK_CAPTURE_AUTORELEASING = YES;
				CLANG_WARN_BOOL_CONVERSION = YES;
				CLANG_WARN_COMMA = YES;
				CLANG_WARN_CONSTANT_CONVERSION = YES;
				CLANG_WARN_DEPRECATED_OBJC_IMPLEMENTATIONS = YES;
				CLANG_WARN_DIRECT_OBJC_ISA_USAGE = YES_ERROR;
				CLANG_WARN_DOCUMENTATION_COMMENTS = YES;
				CLANG_WARN_EMPTY_BODY = YES;
				CLANG_WARN_ENUM_CONVERSION = YES;
				CLANG_WARN_INFINITE_RECURSION = YES;
				CLANG_WARN_INT_CONVERSION = YES;
				CLANG_WARN_NON_LITERAL_NULL_CONVERSION = YES;
				CLANG_WARN_OBJC_IMPLICIT_RETAIN_SELF = YES;
				CLANG_WARN_OBJC_LITERAL_CONVERSION = YES;
				CLANG_WARN_OBJC_ROOT_CLASS = YES_ERROR;
				CLANG_WARN_QUOTED_INCLUDE_IN_FRAMEWORK_HEADER = YES;
				CLANG_WARN_RANGE_LOOP_ANALYSIS = YES;
				CLANG_WARN_STRICT_PROTOTYPES = YES;
				CLANG_WARN_SUSPICIOUS_MOVE = YES;
				CLANG_WARN_UNGUARDED_AVAILABILITY = YES_AGGRESSIVE;
				CLANG_WARN_UNREACHABLE_CODE = YES;
				CLANG_WARN__DUPLICATE_METHOD_MATCH = YES;
				COPY_PHASE_STRIP = NO;
				DEBUG_INFORMATION_FORMAT = "dwarf-with-dsym";
				ENABLE_NS_ASSERTIONS = NO;
				ENABLE_STRICT_OBJC_MSGSEND = YES;
				ENABLE_USER_SCRIPT_SANDBOXING = YES;
				GCC_C_LANGUAGE_STANDARD = gnu17;
				GCC_NO_COMMON_BLOCKS = YES;
				GCC_WARN_64_TO_32_BIT_CONVERSION = YES;
				GCC_WARN_ABOUT_RETURN_TYPE = YES_ERROR;
				GCC_WARN_UNDECLARED_SELECTOR = YES;
				GCC_WARN_UNINITIALIZED_AUTOS = YES_AGGRESSIVE;
				GCC_WARN_UNUSED_FUNCTION = YES;
				GCC_WARN_UNUSED_VARIABLE = YES;
				IPHONEOS_DEPLOYMENT_TARGET = 26.4;
				LOCALIZATION_PREFERS_STRING_CATALOGS = YES;
				MTL_ENABLE_DEBUG_INFO = NO;
				MTL_FAST_MATH = YES;
				SDKROOT = iphoneos;
				SWIFT_COMPILATION_MODE = wholemodule;
				VALIDATE_PRODUCT = YES;
			};
			name = Release;
		};
		6C2560E22FAF2F3D00364E80 /* Debug */ = {
			isa = XCBuildConfiguration;
			buildSettings = {
				ASSETCATALOG_COMPILER_APPICON_NAME = AppIcon;
				ASSETCATALOG_COMPILER_GLOBAL_ACCENT_COLOR_NAME = AccentColor;
				CODE_SIGN_STYLE = Automatic;
				CURRENT_PROJECT_VERSION = 1;
				ENABLE_PREVIEWS = YES;
				GENERATE_INFOPLIST_FILE = YES;
				INFOPLIST_FILE = urbanghosthunters/Info.plist;
				INFOPLIST_KEY_CFBundleDisplayName = urbanghosthunters;
				INFOPLIST_KEY_LSApplicationCategoryType = "public.app-category.adventure-games";
				INFOPLIST_KEY_NSCameraUsageDescription = "Used for the scanner HUD background.";
				INFOPLIST_KEY_NSLocationWhenInUseUsageDescription = "Urban Ghost Hunter needs your location to detect nearby anomalies.";
				INFOPLIST_KEY_NSMicrophoneUsageDescription = "Used to lure ghosts with sound.";
				INFOPLIST_KEY_UIApplicationSceneManifest_Generation = YES;
				INFOPLIST_KEY_UIApplicationSupportsIndirectInputEvents = YES;
				INFOPLIST_KEY_UILaunchScreen_Generation = YES;
				INFOPLIST_KEY_UISupportedInterfaceOrientations_iPad = "UIInterfaceOrientationPortrait UIInterfaceOrientationPortraitUpsideDown UIInterfaceOrientationLandscapeLeft UIInterfaceOrientationLandscapeRight";
				INFOPLIST_KEY_UISupportedInterfaceOrientations_iPhone = "UIInterfaceOrientationPortrait UIInterfaceOrientationLandscapeLeft UIInterfaceOrientationLandscapeRight";
				LD_RUNPATH_SEARCH_PATHS = (
					"$(inherited)",
					"@executable_path/Frameworks",
				);
				MARKETING_VERSION = 1.0;
				PRODUCT_BUNDLE_IDENTIFIER = ugh.urbanghosthunters;
				PRODUCT_NAME = "$(TARGET_NAME)";
				STRING_CATALOG_GENERATE_SYMBOLS = YES;
				SWIFT_APPROACHABLE_CONCURRENCY = YES;
				SWIFT_DEFAULT_ACTOR_ISOLATION = MainActor;
				SWIFT_EMIT_LOC_STRINGS = YES;
				SWIFT_UPCOMING_FEATURE_MEMBER_IMPORT_VISIBILITY = YES;
				SWIFT_VERSION = 5.0;
				TARGETED_DEVICE_FAMILY = "1,2";
			};
			name = Debug;
		};
		6C2560E32FAF2F3D00364E80 /* Release */ = {
			isa = XCBuildConfiguration;
			buildSettings = {
				ASSETCATALOG_COMPILER_APPICON_NAME = AppIcon;
				ASSETCATALOG_COMPILER_GLOBAL_ACCENT_COLOR_NAME = AccentColor;
				CODE_SIGN_STYLE = Automatic;
				CURRENT_PROJECT_VERSION = 1;
				ENABLE_PREVIEWS = YES;
				GENERATE_INFOPLIST_FILE = YES;
				INFOPLIST_FILE = urbanghosthunters/Info.plist;
				INFOPLIST_KEY_CFBundleDisplayName = urbanghosthunters;
				INFOPLIST_KEY_LSApplicationCategoryType = "public.app-category.adventure-games";
				INFOPLIST_KEY_NSCameraUsageDescription = "Used for the scanner HUD background.";
				INFOPLIST_KEY_NSLocationWhenInUseUsageDescription = "Urban Ghost Hunter needs your location to detect nearby anomalies.";
				INFOPLIST_KEY_NSMicrophoneUsageDescription = "Used to lure ghosts with sound.";
				INFOPLIST_KEY_UIApplicationSceneManifest_Generation = YES;
				INFOPLIST_KEY_UIApplicationSupportsIndirectInputEvents = YES;
				INFOPLIST_KEY_UILaunchScreen_Generation = YES;
				INFOPLIST_KEY_UISupportedInterfaceOrientations_iPad = "UIInterfaceOrientationPortrait UIInterfaceOrientationPortraitUpsideDown UIInterfaceOrientationLandscapeLeft UIInterfaceOrientationLandscapeRight";
				INFOPLIST_KEY_UISupportedInterfaceOrientations_iPhone = "UIInterfaceOrientationPortrait UIInterfaceOrientationLandscapeLeft UIInterfaceOrientationLandscapeRight";
				LD_RUNPATH_SEARCH_PATHS = (
					"$(inherited)",
					"@executable_path/Frameworks",
				);
				MARKETING_VERSION = 1.0;
				PRODUCT_BUNDLE_IDENTIFIER = ugh.urbanghosthunters;
				PRODUCT_NAME = "$(TARGET_NAME)";
				STRING_CATALOG_GENERATE_SYMBOLS = YES;
				SWIFT_APPROACHABLE_CONCURRENCY = YES;
				SWIFT_DEFAULT_ACTOR_ISOLATION = MainActor;
				SWIFT_EMIT_LOC_STRINGS = YES;
				SWIFT_UPCOMING_FEATURE_MEMBER_IMPORT_VISIBILITY = YES;
				SWIFT_VERSION = 5.0;
				TARGETED_DEVICE_FAMILY = "1,2";
			};
			name = Release;
		};
		6C2560E52FAF2F3D00364E80 /* Debug */ = {
			isa = XCBuildConfiguration;
			buildSettings = {
				BUNDLE_LOADER = "$(TEST_HOST)";
				CODE_SIGN_STYLE = Automatic;
				CURRENT_PROJECT_VERSION = 1;
				GENERATE_INFOPLIST_FILE = YES;
				IPHONEOS_DEPLOYMENT_TARGET = 26.4;
				MARKETING_VERSION = 1.0;
				PRODUCT_BUNDLE_IDENTIFIER = ugh.urbanghosthuntersTests;
				PRODUCT_NAME = "$(TARGET_NAME)";
				STRING_CATALOG_GENERATE_SYMBOLS = NO;
				SWIFT_APPROACHABLE_CONCURRENCY = YES;
				SWIFT_EMIT_LOC_STRINGS = NO;
				SWIFT_UPCOMING_FEATURE_MEMBER_IMPORT_VISIBILITY = YES;
				SWIFT_VERSION = 5.0;
				TARGETED_DEVICE_FAMILY = "1,2";
				TEST_HOST = "$(BUILT_PRODUCTS_DIR)/urbanghosthunters.app/$(BUNDLE_EXECUTABLE_FOLDER_PATH)/urbanghosthunters";
			};
			name = Debug;
		};
		6C2560E62FAF2F3D00364E80 /* Release */ = {
			isa = XCBuildConfiguration;
			buildSettings = {
				BUNDLE_LOADER = "$(TEST_HOST)";
				CODE_SIGN_STYLE = Automatic;
				CURRENT_PROJECT_VERSION = 1;
				GENERATE_INFOPLIST_FILE = YES;
				IPHONEOS_DEPLOYMENT_TARGET = 26.4;
				MARKETING_VERSION = 1.0;
				PRODUCT_BUNDLE_IDENTIFIER = ugh.urbanghosthuntersTests;
				PRODUCT_NAME = "$(TARGET_NAME)";
				STRING_CATALOG_GENERATE_SYMBOLS = NO;
				SWIFT_APPROACHABLE_CONCURRENCY = YES;
				SWIFT_EMIT_LOC_STRINGS = NO;
				SWIFT_UPCOMING_FEATURE_MEMBER_IMPORT_VISIBILITY = YES;
				SWIFT_VERSION = 5.0;
				TARGETED_DEVICE_FAMILY = "1,2";
				TEST_HOST = "$(BUILT_PRODUCTS_DIR)/urbanghosthunters.app/$(BUNDLE_EXECUTABLE_FOLDER_PATH)/urbanghosthunters";
			};
			name = Release;
		};
		6C2560E82FAF2F3D00364E80 /* Debug */ = {
			isa = XCBuildConfiguration;
			buildSettings = {
				CODE_SIGN_STYLE = Automatic;
				CURRENT_PROJECT_VERSION = 1;
				GENERATE_INFOPLIST_FILE = YES;
				MARKETING_VERSION = 1.0;
				PRODUCT_BUNDLE_IDENTIFIER = ugh.urbanghosthuntersUITests;
				PRODUCT_NAME = "$(TARGET_NAME)";
				STRING_CATALOG_GENERATE_SYMBOLS = NO;
				SWIFT_APPROACHABLE_CONCURRENCY = YES;
				SWIFT_EMIT_LOC_STRINGS = NO;
				SWIFT_UPCOMING_FEATURE_MEMBER_IMPORT_VISIBILITY = YES;
				SWIFT_VERSION = 5.0;
				TARGETED_DEVICE_FAMILY = "1,2";
				TEST_TARGET_NAME = urbanghosthunters;
			};
			name = Debug;
		};
		6C2560E92FAF2F3D00364E80 /* Release */ = {
			isa = XCBuildConfiguration;
			buildSettings = {
				CODE_SIGN_STYLE = Automatic;
				CURRENT_PROJECT_VERSION = 1;
				GENERATE_INFOPLIST_FILE = YES;
				MARKETING_VERSION = 1.0;
				PRODUCT_BUNDLE_IDENTIFIER = ugh.urbanghosthuntersUITests;
				PRODUCT_NAME = "$(TARGET_NAME)";
				STRING_CATALOG_GENERATE_SYMBOLS = NO;
				SWIFT_APPROACHABLE_CONCURRENCY = YES;
				SWIFT_EMIT_LOC_STRINGS = NO;
				SWIFT_UPCOMING_FEATURE_MEMBER_IMPORT_VISIBILITY = YES;
				SWIFT_VERSION = 5.0;
				TARGETED_DEVICE_FAMILY = "1,2";
				TEST_TARGET_NAME = urbanghosthunters;
			};
			name = Release;
		};
/* End XCBuildConfiguration section */

/* Begin XCConfigurationList section */
		6C2560BB2FAF2F3B00364E80 /* Build configuration list for PBXProject "urbanghosthunters" */ = {
			isa = XCConfigurationList;
			buildConfigurations = (
				6C2560DF2FAF2F3D00364E80 /* Debug */,
				6C2560E02FAF2F3D00364E80 /* Release */,
			);
			defaultConfigurationIsVisible = 0;
			defaultConfigurationName = Release;
		};
		6C2560E12FAF2F3D00364E80 /* Build configuration list for PBXNativeTarget "urbanghosthunters" */ = {
			isa = XCConfigurationList;
			buildConfigurations = (
				6C2560E22FAF2F3D00364E80 /* Debug */,
				6C2560E32FAF2F3D00364E80 /* Release */,
			);
			defaultConfigurationIsVisible = 0;
			defaultConfigurationName = Release;
		};
		6C2560E42FAF2F3D00364E80 /* Build configuration list for PBXNativeTarget "urbanghosthuntersTests" */ = {
			isa = XCConfigurationList;
			buildConfigurations = (
				6C2560E52FAF2F3D00364E80 /* Debug */,
				6C2560E62FAF2F3D00364E80 /* Release */,
			);
			defaultConfigurationIsVisible = 0;
			defaultConfigurationName = Release;
		};
		6C2560E72FAF2F3D00364E80 /* Build configuration list for PBXNativeTarget "urbanghosthuntersUITests" */ = {
			isa = XCConfigurationList;
			buildConfigurations = (
				6C2560E82FAF2F3D00364E80 /* Debug */,
				6C2560E92FAF2F3D00364E80 /* Release */,
			);
			defaultConfigurationIsVisible = 0;
			defaultConfigurationName = Release;
		};
/* End XCConfigurationList section */

/* Begin XCRemoteSwiftPackageReference section */
		6C2560EA2FAF306D00364E80 /* XCRemoteSwiftPackageReference "supabase-swift" */ = {
			isa = XCRemoteSwiftPackageReference;
			repositoryURL = "https://github.com/supabase/supabase-swift.git";
			requirement = {
				kind = upToNextMajorVersion;
				minimumVersion = 2.5.1;
			};
		};
/* End XCRemoteSwiftPackageReference section */

/* Begin XCSwiftPackageProductDependency section */
		6C2560EC2FAF361500364E80 /* Supabase */ = {
			isa = XCSwiftPackageProductDependency;
			package = 6C2560EA2FAF306D00364E80 /* XCRemoteSwiftPackageReference "supabase-swift" */;
			productName = Supabase;
		};
/* End XCSwiftPackageProductDependency section */
	};
	rootObject = 6C2560B82FAF2F3B00364E80 /* Project object */;
}
